
Microsoft Visual Studio Solution File, Format Version 12.00
# Visual Studio Version 16
VisualStudioVersion = 16.0.31025.194
MinimumVisualStudioVersion = 10.0.40219.1
Project("{9A19103F-16F7-4668-BE54-9A1E7A4F7556}") = "DataAccess", "DataAccess\DataAccess.csproj", "{53532629-C89B-4830-8338-EE72DAD056FA}"
EndProject
Project("{9A19103F-16F7-4668-BE54-9A1E7A4F7556}") = "Business", "Business\Business.csproj", "{D51984CD-810B-4896-8E04-7824629F9D2F}"
EndProject
Project("{9A19103F-16F7-4668-BE54-9A1E7A4F7556}") = "Entities", "Entities\Entities.csproj", "{A921CEEE-EAC6-4AF4-88AF-2A64EBEC9947}"
EndProject
Project("{9A19103F-16F7-4668-BE54-9A1E7A4F7556}") = "ConsoleUI", "ConsoleUI\ConsoleUI.csproj", "{DE55B6AA-E07B-4EB8-BCBC-B446A33ACA04}"
EndProject
Project("{FAE04EC0-301F-11D3-BF4B-00C04F79EFBC}") = "Core", "Core\Core.csproj", "{6371DAEE-A969-41F0-A0A7-602415CA61C3}"
EndProject
Project("{2150E333-8FDC-42A3-9474-1A3956D46DE8}") = "Solution Items", "Solution Items", "{35470FD9-FD73-4604-A38C-7A492B653128}"
	ProjectSection(SolutionItems) = preProject
		.editorconfig = .editorconfig
	EndProjectSection
EndProject
Global
	GlobalSection(SolutionConfigurationPlatforms) = preSolution
		Debug|Any CPU = Debug|Any CPU
		Release|Any CPU = Release|Any CPU
	EndGlobalSection
	GlobalSection(ProjectConfigurationPlatforms) = postSolution
		{53532629-C89B-4830-8338-EE72DAD056FA}.Debug|Any CPU.ActiveCfg = Debug|Any CPU
		{53532629-C89B-4830-8338-EE72DAD056FA}.Debug|Any CPU.Build.0 = Debug|Any CPU
		{53532629-C89B-4830-8338-EE72DAD056FA}.Release|Any CPU.ActiveCfg = Release|Any CPU
		{53532629-C89B-4830-8338-EE72DAD056FA}.Release|Any CPU.Build.0 = Release|Any CPU
		{D51984CD-810B-4896-8E04-7824629F9D2F}.Debug|Any CPU.ActiveCfg = Debug|Any CPU
		{D51984CD-810B-4896-8E04-7824629F9D2F}.Debug|Any CPU.Build.0 = Debug|Any CPU
		{D51984CD-810B-4896-8E04-7824629F9D2F}.Release|Any CPU.ActiveCfg = Release|Any CPU
		{D51984CD-810B-4896-8E04-7824629F9D2F}.Release|Any CPU.Build.0 = Release|Any CPU
		{A921CEEE-EAC6-4AF4-88AF-2A64EBEC9947}.Debug|Any CPU.ActiveCfg = Debug|Any CPU
		{A921CEEE-EAC6-4AF4-88AF-2A64EBEC9947}.Debug|Any CPU.Build.0 = Debug|Any CPU
		{A921CEEE-EAC6-4AF4-88AF-2A64EBEC9947}.Release|Any CPU.ActiveCfg = Release|Any CPU
		{A921CEEE-EAC6-4AF4-88AF-2A64EBEC9947}.Release|Any CPU.Build.0 = Release|Any CPU
		{DE55B6AA-E07B-4EB8-BCBC-B446A33ACA04}.Debug|Any CPU.ActiveCfg = Debug|Any CPU
		{DE55B6AA-E07B-4EB8-BCBC-B446A33ACA04}.Debug|Any CPU.Build.0 = Debug|Any CPU
		{DE55B6AA-E07B-4EB8-BCBC-B446A33ACA04}.Release|Any CPU.ActiveCfg = Release|Any CPU
		{DE55B6AA-E07B-4EB8-BCBC-B446A33ACA04}.Release|Any CPU.Build.0 = Release|Any CPU
		{6371DAEE-A969-41F0-A0A7-602415CA61C3}.Debug|Any CPU.ActiveCfg = Debug|Any CPU
		{6371DAEE-A969-41F0-A0A7-602415CA61C3}.Debug|Any CPU.Build.0 = Debug|Any CPU
		{6371DAEE-A969-41F0-A0A7-602415CA61C3}.Release|Any CPU.ActiveCfg = Release|Any CPU
		{6371DAEE-A969-41F0-A0A7-602415CA61C3}.Release|Any CPU.Build.0 = Release|Any CPU
	EndGlobalSection
	GlobalSection(SolutionProperties) = preSolution
		HideSolutionNode = FALSE
	EndGlobalSection
	GlobalSection(ExtensibilityGlobals) = postSolution
		SolutionGuid = {16038C11-9633-4D7A-A759-3036E6D62C3B}
	EndGlobalSection
EndGlobal
